// !$*UTF8*$!
{
	archiveVersion = 1;
	classes = {
	};
	objectVersion = 46;
	objects = {

/* Begin PBXBuildFile section */
		893E1D72189D60E5006535BB /* Foundation.framework in Frameworks */ = {isa = PBXBuildFile; fileRef = 893E1D71189D60E5006535BB /* Foundation.framework */; };
		893E1D74189D60E5006535BB /* CoreGraphics.framework in Frameworks */ = {isa = PBXBuildFile; fileRef = 893E1D73189D60E5006535BB /* CoreGraphics.framework */; };
		893E1D76189D60E5006535BB /* UIKit.framework in Frameworks */ = {isa = PBXBuildFile; fileRef = 893E1D75189D60E5006535BB /* UIKit.framework */; };
		893E1D7C189D60E5006535BB /* InfoPlist.strings in Resources */ = {isa = PBXBuildFile; fileRef = 893E1D7A189D60E5006535BB /* InfoPlist.strings */; };
		893E1D7E189D60E5006535BB /* main.m in Sources */ = {isa = PBXBuildFile; fileRef = 893E1D7D189D60E5006535BB /* main.m */; };
		893E1D82189D60E5006535BB /* AppDelegate.m in Sources */ = {isa = PBXBuildFile; fileRef = 893E1D81189D60E5006535BB /* AppDelegate.m */; };
		893E1D85189D60E5006535BB /* Main.storyboard in Resources */ = {isa = PBXBuildFile; fileRef = 893E1D83189D60E5006535BB /* Main.storyboard */; };
		893E1D88189D60E5006535BB /* ViewController.m in Sources */ = {isa = PBXBuildFile; fileRef = 893E1D87189D60E5006535BB /* ViewController.m */; };
		893E1D8A189D60E5006535BB /* Images.xcassets in Resources */ = {isa = PBXBuildFile; fileRef = 893E1D89189D60E5006535BB /* Images.xcassets */; };
		893E1D91189D60E5006535BB /* XCTest.framework in Frameworks */ = {isa = PBXBuildFile; fileRef = 893E1D90189D60E5006535BB /* XCTest.framework */; };
		893E1D92189D60E5006535BB /* Foundation.framework in Frameworks */ = {isa = PBXBuildFile; fileRef = 893E1D71189D60E5006535BB /* Foundation.framework */; };
		893E1D93189D60E5006535BB /* UIKit.framework in Frameworks */ = {isa = PBXBuildFile; fileRef = 893E1D75189D60E5006535BB /* UIKit.framework */; };
		893E1D9B189D60E5006535BB /* InfoPlist.strings in Resources */ = {isa = PBXBuildFile; fileRef = 893E1D99189D60E5006535BB /* InfoPlist.strings */; };
		893E1D9D189D60E5006535BB /* BudgetLevelTests.m in Sources */ = {isa = PBXBuildFile; fileRef = 893E1D9C189D60E5006535BB /* BudgetLevelTests.m */; };
/* End PBXBuildFile section */

/* Begin PBXContainerItemProxy section */
		893E1D94189D60E5006535BB /* PBXContainerItemProxy */ = {
			isa = PBXContainerItemProxy;
			containerPortal = 893E1D66189D60E5006535BB /* Project object */;
			proxyType = 1;
			remoteGlobalIDString = 893E1D6D189D60E5006535BB;
			remoteInfo = BudgetLevel;
		};
/* End PBXContainerItemProxy section */

/* Begin PBXFileReference section */
		893E1D6E189D60E5006535BB /* BudgetLevel.app */ = {isa = PBXFileReference; explicitFileType = wrapper.application; includeInIndex = 0; path = BudgetLevel.app; sourceTree = BUILT_PRODUCTS_DIR; };
		893E1D71189D60E5006535BB /* Foundation.framework */ = {isa = PBXFileReference; lastKnownFileType = wrapper.framework; name = Foundation.framework; path = System/Library/Frameworks/Foundation.framework; sourceTree = SDKROOT; };
		893E1D73189D60E5006535BB /* CoreGraphics.framework */ = {isa = PBXFileReference; lastKnownFileType = wrapper.framework; name = CoreGraphics.framework; path = System/Library/Frameworks/CoreGraphics.framework; sourceTree = SDKROOT; };
		893E1D75189D60E5006535BB /* UIKit.framework */ = {isa = PBXFileReference; lastKnownFileType = wrapper.framework; name = UIKit.framework; path = System/Library/Frameworks/UIKit.framework; sourceTree = SDKROOT; };
		893E1D79189D60E5006535BB /* BudgetLevel-Info.plist */ = {isa = PBXFileReference; lastKnownFileType = text.plist.xml; path = "BudgetLevel-Info.plist"; sourceTree = "<group>"; };
		893E1D7B189D60E5006535BB /* en */ = {isa = PBXFileReference; lastKnownFileType = text.plist.strings; name = en; path = en.lproj/InfoPlist.strings; sourceTree = "<group>"; };
		893E1D7D189D60E5006535BB /* main.m */ = {isa = PBXFileReference; lastKnownFileType = sourcecode.c.objc; path = main.m; sourceTree = "<group>"; };
		893E1D7F189D60E5006535BB /* BudgetLevel-Prefix.pch */ = {isa = PBXFileReference; lastKnownFileType = sourcecode.c.h; path = "BudgetLevel-Prefix.pch"; sourceTree = "<group>"; };
		893E1D80189D60E5006535BB /* AppDelegate.h */ = {isa = PBXFileReference; lastKnownFileType = sourcecode.c.h; path = AppDelegate.h; sourceTree = "<group>"; };
		893E1D81189D60E5006535BB /* AppDelegate.m */ = {isa = PBXFileReference; lastKnownFileType = sourcecode.c.objc; path = AppDelegate.m; sourceTree = "<group>"; };
		893E1D84189D60E5006535BB /* Base */ = {isa = PBXFileReference; lastKnownFileType = file.storyboard; name = Base; path = Base.lproj/Main.storyboard; sourceTree = "<group>"; };
		893E1D86189D60E5006535BB /* ViewController.h */ = {isa = PBXFileReference; lastKnownFileType = sourcecode.c.h; path = ViewController.h; sourceTree = "<group>"; };
		893E1D87189D60E5006535BB /* ViewController.m */ = {isa = PBXFileReference; lastKnownFileType = sourcecode.c.objc; path = ViewController.m; sourceTree = "<group>"; };
		893E1D89189D60E5006535BB /* Images.xcassets */ = {isa = PBXFileReference; lastKnownFileType = folder.assetcatalog; path = Images.xcassets; sourceTree = "<group>"; };
		893E1D8F189D60E5006535BB /* BudgetLevelTests.xctest */ = {isa = PBXFileReference; explicitFileType = wrapper.cfbundle; includeInIndex = 0; path = BudgetLevelTests.xctest; sourceTree = BUILT_PRODUCTS_DIR; };
		893E1D90189D60E5006535BB /* XCTest.framework */ = {isa = PBXFileReference; lastKnownFileType = wrapper.framework; name = XCTest.framework; path = Library/Frameworks/XCTest.framework; sourceTree = DEVELOPER_DIR; };
		893E1D98189D60E5006535BB /* BudgetLevelTests-Info.plist */ = {isa = PBXFileReference; lastKnownFileType = text.plist.xml; path = "BudgetLevelTests-Info.plist"; sourceTree = "<group>"; };
		893E1D9A189D60E5006535BB /* en */ = {isa = PBXFileReference; lastKnownFileType = text.plist.strings; name = en; path = en.lproj/InfoPlist.strings; sourceTree = "<group>"; };
		893E1D9C189D60E5006535BB /* BudgetLevelTests.m */ = {isa = PBXFileReference; lastKnownFileType = sourcecode.c.objc; path = BudgetLevelTests.m; sourceTree = "<group>"; };
/* End PBXFileReference section */

/* Begin PBXFrameworksBuildPhase section */
		893E1D6B189D60E5006535BB /* Frameworks */ = {
			isa = PBXFrameworksBuildPhase;
			buildActionMask = 2147483647;
			files = (
				893E1D74189D60E5006535BB /* CoreGraphics.framework in Frameworks */,
				893E1D76189D60E5006535BB /* UIKit.framework in Frameworks */,
				893E1D72189D60E5006535BB /* Foundation.framework in Frameworks */,
			);
			runOnlyForDeploymentPostprocessing = 0;
		};
		893E1D8C189D60E5006535BB /* Frameworks */ = {
			isa = PBXFrameworksBuildPhase;
			buildActionMask = 2147483647;
			files = (
				893E1D91189D60E5006535BB /* XCTest.framework in Frameworks */,
				893E1D93189D60E5006535BB /* UIKit.framework in Frameworks */,
				893E1D92189D60E5006535BB /* Foundation.framework in Frameworks */,
			);
			runOnlyForDeploymentPostprocessing = 0;
		};
/* End PBXFrameworksBuildPhase section */

/* Begin PBXGroup section */
		893E1D65189D60E5006535BB = {
			isa = PBXGroup;
			children = (
				893E1D77189D60E5006535BB /* BudgetLevel */,
				893E1D96189D60E5006535BB /* BudgetLevelTests */,
				893E1D70189D60E5006535BB /* Frameworks */,
				893E1D6F189D60E5006535BB /* Products */,
			);
			sourceTree = "<group>";
		};
		893E1D6F189D60E5006535BB /* Products */ = {
			isa = PBXGroup;
			children = (
				893E1D6E189D60E5006535BB /* BudgetLevel.app */,
				893E1D8F189D60E5006535BB /* BudgetLevelTests.xctest */,
			);
			name = Products;
			sourceTree = "<group>";
		};
		893E1D70189D60E5006535BB /* Frameworks */ = {
			isa = PBXGroup;
			children = (
				893E1D71189D60E5006535BB /* Foundation.framework */,
				893E1D73189D60E5006535BB /* CoreGraphics.framework */,
				893E1D75189D60E5006535BB /* UIKit.framework */,
				893E1D90189D60E5006535BB /* XCTest.framework */,
			);
			name = Frameworks;
			sourceTree = "<group>";
		};
		893E1D77189D60E5006535BB /* BudgetLevel */ = {
			isa = PBXGroup;
			children = (
				893E1D80189D60E5006535BB /* AppDelegate.h */,
				893E1D81189D60E5006535BB /* AppDelegate.m */,
				893E1D83189D60E5006535BB /* Main.storyboard */,
				893E1D86189D60E5006535BB /* ViewController.h */,
				893E1D87189D60E5006535BB /* ViewController.m */,
				893E1D89189D60E5006535BB /* Images.xcassets */,
				893E1D78189D60E5006535BB /* Supporting Files */,
			);
			path = BudgetLevel;
			sourceTree = "<group>";
		};
		893E1D78189D60E5006535BB /* Supporting Files */ = {
			isa = PBXGroup;
			children = (
				893E1D79189D60E5006535BB /* BudgetLevel-Info.plist */,
				893E1D7A189D60E5006535BB /* InfoPlist.strings */,
				893E1D7D189D60E5006535BB /* main.m */,
				893E1D7F189D60E5006535BB /* BudgetLevel-Prefix.pch */,
			);
			name = "Supporting Files";
			sourceTree = "<group>";
		};
		893E1D96189D60E5006535BB /* BudgetLevelTests */ = {
			isa = PBXGroup;
			children = (
				893E1D9C189D60E5006535BB /* BudgetLevelTests.m */,
				893E1D97189D60E5006535BB /* Supporting Files */,
			);
			path = BudgetLevelTests;
			sourceTree = "<group>";
		};
		893E1D97189D60E5006535BB /* Supporting Files */ = {
			isa = PBXGroup;
			children = (
				893E1D98189D60E5006535BB /* BudgetLevelTests-Info.plist */,
				893E1D99189D60E5006535BB /* InfoPlist.strings */,
			);
			name = "Supporting Files";
			sourceTree = "<group>";
		};
/* End PBXGroup section */

/* Begin PBXNativeTarget section */
		893E1D6D189D60E5006535BB /* BudgetLevel */ = {
			isa = PBXNativeTarget;
			buildConfigurationList = 893E1DA0189D60E5006535BB /* Build configuration list for PBXNativeTarget "BudgetLevel" */;
			buildPhases = (
				893E1D6A189D60E5006535BB /* Sources */,
				893E1D6B189D60E5006535BB /* Frameworks */,
				893E1D6C189D60E5006535BB /* Resources */,
			);
			buildRules = (
			);
			dependencies = (
			);
			name = BudgetLevel;
			productName = BudgetLevel;
			productReference = 893E1D6E189D60E5006535BB /* BudgetLevel.app */;
			productType = "com.apple.product-type.application";
		};
		893E1D8E189D60E5006535BB /* BudgetLevelTests */ = {
			isa = PBXNativeTarget;
			buildConfigurationList = 893E1DA3189D60E5006535BB /* Build configuration list for PBXNativeTarget "BudgetLevelTests" */;
			buildPhases = (
				893E1D8B189D60E5006535BB /* Sources */,
				893E1D8C189D60E5006535BB /* Frameworks */,
				893E1D8D189D60E5006535BB /* Resources */,
			);
			buildRules = (
			);
			dependencies = (
				893E1D95189D60E5006535BB /* PBXTargetDependency */,
			);
			name = BudgetLevelTests;
			productName = BudgetLevelTests;
			productReference = 893E1D8F189D60E5006535BB /* BudgetLevelTests.xctest */;
			productType = "com.apple.product-type.bundle.unit-test";
		};
/* End PBXNativeTarget section */

/* Begin PBXProject section */
		893E1D66189D60E5006535BB /* Project object */ = {
			isa = PBXProject;
			attributes = {
				LastUpgradeCheck = 0500;
				ORGANIZATIONNAME = "Eric Chau";
				TargetAttributes = {
					893E1D8E189D60E5006535BB = {
						TestTargetID = 893E1D6D189D60E5006535BB;
					};
				};
			};
			buildConfigurationList = 893E1D69189D60E5006535BB /* Build configuration list for PBXProject "BudgetLevel" */;
			compatibilityVersion = "Xcode 3.2";
			developmentRegion = English;
			hasScannedForEncodings = 0;
			knownRegions = (
				en,
				Base,
			);
			mainGroup = 893E1D65189D60E5006535BB;
			productRefGroup = 893E1D6F189D60E5006535BB /* Products */;
			projectDirPath = "";
			projectRoot = "";
			targets = (
				893E1D6D189D60E5006535BB /* BudgetLevel */,
				893E1D8E189D60E5006535BB /* BudgetLevelTests */,
			);
		};
/* End PBXProject section */

/* Begin PBXResourcesBuildPhase section */
		893E1D6C189D60E5006535BB /* Resources */ = {
			isa = PBXResourcesBuildPhase;
			buildActionMask = 2147483647;
			files = (
				893E1D8A189D60E5006535BB /* Images.xcassets in Resources */,
				893E1D7C189D60E5006535BB /* InfoPlist.strings in Resources */,
				893E1D85189D60E5006535BB /* Main.storyboard in Resources */,
			);
			runOnlyForDeploymentPostprocessing = 0;
		};
		893E1D8D189D60E5006535BB /* Resources */ = {
			isa = PBXResourcesBuildPhase;
			buildActionMask = 2147483647;
			files = (
				893E1D9B189D60E5006535BB /* InfoPlist.strings in Resources */,
			);
			runOnlyForDeploymentPostprocessing = 0;
		};
/* End PBXResourcesBuildPhase section */

/* Begin PBXSourcesBuildPhase section */
		893E1D6A189D60E5006535BB /* Sources */ = {
			isa = PBXSourcesBuildPhase;
			buildActionMask = 2147483647;
			files = (
				893E1D88189D60E5006535BB /* ViewController.m in Sources */,
				893E1D82189D60E5006535BB /* AppDelegate.m in Sources */,
				893E1D7E189D60E5006535BB /* main.m in Sources */,
			);
			runOnlyForDeploymentPostprocessing = 0;
		};
		893E1D8B189D60E5006535BB /* Sources */ = {
			isa = PBXSourcesBuildPhase;
			buildActionMask = 2147483647;
			files = (
				893E1D9D189D60E5006535BB /* BudgetLevelTests.m in Sources */,
			);
			runOnlyForDeploymentPostprocessing = 0;
		};
/* End PBXSourcesBuildPhase section */

/* Begin PBXTargetDependency section */
		893E1D95189D60E5006535BB /* PBXTargetDependency */ = {
			isa = PBXTargetDependency;
			target = 893E1D6D189D60E5006535BB /* BudgetLevel */;
			targetProxy = 893E1D94189D60E5006535BB /* PBXContainerItemProxy */;
		};
/* End PBXTargetDependency section */

/* Begin PBXVariantGroup section */
		893E1D7A189D60E5006535BB /* InfoPlist.strings */ = {
			isa = PBXVariantGroup;
			children = (
				893E1D7B189D60E5006535BB /* en */,
			);
			name = InfoPlist.strings;
			sourceTree = "<group>";
		};
		893E1D83189D60E5006535BB /* Main.storyboard */ = {
			isa = PBXVariantGroup;
			children = (
				893E1D84189D60E5006535BB /* Base */,
			);
			name = Main.storyboard;
			sourceTree = "<group>";
		};
		893E1D99189D60E5006535BB /* InfoPlist.strings */ = {
			isa = PBXVariantGroup;
			children = (
				893E1D9A189D60E5006535BB /* en */,
			);
			name = InfoPlist.strings;
			sourceTree = "<group>";
		};
/* End PBXVariantGroup section */

/* Begin XCBuildConfiguration section */
		893E1D9E189D60E5006535BB /* Debug */ = {
			isa = XCBuildConfiguration;
			buildSettings = {
				ALWAYS_SEARCH_USER_PATHS = NO;
				ARCHS = "$(ARCHS_STANDARD_INCLUDING_64_BIT)";
				CLANG_CXX_LANGUAGE_STANDARD = "gnu++0x";
				CLANG_CXX_LIBRARY = "libc++";
				CLANG_ENABLE_MODULES = YES;
				CLANG_ENABLE_OBJC_ARC = YES;
				CLANG_WARN_BOOL_CONVERSION = YES;
				CLANG_WARN_CONSTANT_CONVERSION = YES;
				CLANG_WARN_DIRECT_OBJC_ISA_USAGE = YES_ERROR;
				CLANG_WARN_EMPTY_BODY = YES;
				CLANG_WARN_ENUM_CONVERSION = YES;
				CLANG_WARN_INT_CONVERSION = YES;
				CLANG_WARN_OBJC_ROOT_CLASS = YES_ERROR;
				CLANG_WARN__DUPLICATE_METHOD_MATCH = YES;
				"CODE_SIGN_IDENTITY[sdk=iphoneos*]" = "iPhone Developer";
				COPY_PHASE_STRIP = NO;
				GCC_C_LANGUAGE_STANDARD = gnu99;
				GCC_DYNAMIC_NO_PIC = NO;
				GCC_OPTIMIZATION_LEVEL = 0;
				GCC_PREPROCESSOR_DEFINITIONS = (
					"DEBUG=1",
					"$(inherited)",
				);
				GCC_SYMBOLS_PRIVATE_EXTERN = NO;
				GCC_WARN_64_TO_32_BIT_CONVERSION = YES;
				GCC_WARN_ABOUT_RETURN_TYPE = YES_ERROR;
				GCC_WARN_UNDECLARED_SELECTOR = YES;
				GCC_WARN_UNINITIALIZED_AUTOS = YES;
				GCC_WARN_UNUSED_FUNCTION = YES;
				GCC_WARN_UNUSED_VARIABLE = YES;
				IPHONEOS_DEPLOYMENT_TARGET = 7.0;
				ONLY_ACTIVE_ARCH = YES;
				SDKROOT = iphoneos;
			};
			name = Debug;
		};
		893E1D9F189D60E5006535BB /* Release */ = {
			isa = XCBuildConfiguration;
			buildSettings = {
				ALWAYS_SEARCH_USER_PATHS = NO;
				ARCHS = "$(ARCHS_STANDARD_INCLUDING_64_BIT)";
				CLANG_CXX_LANGUAGE_STANDARD = "gnu++0x";
				CLANG_CXX_LIBRARY = "libc++";
				CLANG_ENABLE_MODULES = YES;
				CLANG_ENABLE_OBJC_ARC = YES;
				CLANG_WARN_BOOL_CONVERSION = YES;
				CLANG_WARN_CONSTANT_CONVERSION = YES;
				CLANG_WARN_DIRECT_OBJC_ISA_USAGE = YES_ERROR;
				CLANG_WARN_EMPTY_BODY = YES;
				CLANG_WARN_ENUM_CONVERSION = YES;
				CLANG_WARN_INT_CONVERSION = YES;
				CLANG_WARN_OBJC_ROOT_CLASS = YES_ERROR;
				CLANG_WARN__DUPLICATE_METHOD_MATCH = YES;
				"CODE_SIGN_IDENTITY[sdk=iphoneos*]" = "iPhone Developer";
				COPY_PHASE_STRIP = YES;
				ENABLE_NS_ASSERTIONS = NO;
				GCC_C_LANGUAGE_STANDARD = gnu99;
				GCC_WARN_64_TO_32_BIT_CONVERSION = YES;
				GCC_WARN_ABOUT_RETURN_TYPE = YES_ERROR;
				GCC_WARN_UNDECLARED_SELECTOR = YES;
				GCC_WARN_UNINITIALIZED_AUTOS = YES;
				GCC_WARN_UNUSED_FUNCTION = YES;
				GCC_WARN_UNUSED_VARIABLE = YES;
				IPHONEOS_DEPLOYMENT_TARGET = 7.0;
				SDKROOT = iphoneos;
				VALIDATE_PRODUCT = YES;
			};
			name = Release;
		};
		893E1DA1189D60E5006535BB /* Debug */ = {
			isa = XCBuildConfiguration;
			buildSettings = {
				ASSETCATALOG_COMPILER_APPICON_NAME = AppIcon;
				ASSETCATALOG_COMPILER_LAUNCHIMAGE_NAME = LaunchImage;
				GCC_PRECOMPILE_PREFIX_HEADER = YES;
				GCC_PREFIX_HEADER = "BudgetLevel/BudgetLevel-Prefix.pch";
				INFOPLIST_FILE = "BudgetLevel/BudgetLevel-Info.plist";
				PRODUCT_NAME = "$(TARGET_NAME)";
				WRAPPER_EXTENSION = app;
			};
			name = Debug;
		};
		893E1DA2189D60E5006535BB /* Release */ = {
			isa = XCBuildConfiguration;
			buildSettings = {
				ASSETCATALOG_COMPILER_APPICON_NAME = AppIcon;
				ASSETCATALOG_COMPILER_LAUNCHIMAGE_NAME = LaunchImage;
				GCC_PRECOMPILE_PREFIX_HEADER = YES;
				GCC_PREFIX_HEADER = "BudgetLevel/BudgetLevel-Prefix.pch";
				INFOPLIST_FILE = "BudgetLevel/BudgetLevel-Info.plist";
				PRODUCT_NAME = "$(TARGET_NAME)";
				WRAPPER_EXTENSION = app;
			};
			name = Release;
		};
		893E1DA4189D60E5006535BB /* Debug */ = {
			isa = XCBuildConfiguration;
			buildSettings = {
				ARCHS = "$(ARCHS_STANDARD_INCLUDING_64_BIT)";
				BUNDLE_LOADER = "$(BUILT_PRODUCTS_DIR)/BudgetLevel.app/BudgetLevel";
				FRAMEWORK_SEARCH_PATHS = (
					"$(SDKROOT)/Developer/Library/Frameworks",
					"$(inherited)",
					"$(DEVELOPER_FRAMEWORKS_DIR)",
				);
				GCC_PRECOMPILE_PREFIX_HEADER = YES;
				GCC_PREFIX_HEADER = "BudgetLevel/BudgetLevel-Prefix.pch";
				GCC_PREPROCESSOR_DEFINITIONS = (
					"DEBUG=1",
					"$(inherited)",
				);
				INFOPLIST_FILE = "BudgetLevelTests/BudgetLevelTests-Info.plist";
				PRODUCT_NAME = "$(TARGET_NAME)";
				TEST_HOST = "$(BUNDLE_LOADER)";
				WRAPPER_EXTENSION = xctest;
			};
			name = Debug;
		};
		893E1DA5189D60E5006535BB /* Release */ = {
			isa = XCBuildConfiguration;
			buildSettings = {
				ARCHS = "$(ARCHS_STANDARD_INCLUDING_64_BIT)";
				BUNDLE_LOADER = "$(BUILT_PRODUCTS_DIR)/BudgetLevel.app/BudgetLevel";
				FRAMEWORK_SEARCH_PATHS = (
					"$(SDKROOT)/Developer/Library/Frameworks",
					"$(inherited)",
					"$(DEVELOPER_FRAMEWORKS_DIR)",
				);
				GCC_PRECOMPILE_PREFIX_HEADER = YES;
				GCC_PREFIX_HEADER = "BudgetLevel/BudgetLevel-Prefix.pch";
				INFOPLIST_FILE = "BudgetLevelTests/BudgetLevelTests-Info.plist";
				PRODUCT_NAME = "$(TARGET_NAME)";
				TEST_HOST = "$(BUNDLE_LOADER)";
				WRAPPER_EXTENSION = xctest;
			};
			name = Release;
		};
/* End XCBuildConfiguration section */

/* Begin XCConfigurationList section */
		893E1D69189D60E5006535BB /* Build configuration list for PBXProject "BudgetLevel" */ = {
			isa = XCConfigurationList;
			buildConfigurations = (
				893E1D9E189D60E5006535BB /* Debug */,
				893E1D9F189D60E5006535BB /* Release */,
			);
			defaultConfigurationIsVisible = 0;
			defaultConfigurationName = Release;
		};
		893E1DA0189D60E5006535BB /* Build configuration list for PBXNativeTarget "BudgetLevel" */ = {
			isa = XCConfigurationList;
			buildConfigurations = (
				893E1DA1189D60E5006535BB /* Debug */,
				893E1DA2189D60E5006535BB /* Release */,
			);
			defaultConfigurationIsVisible = 0;
		};
		893E1DA3189D60E5006535BB /* Build configuration list for PBXNativeTarget "BudgetLevelTests" */ = {
			isa = XCConfigurationList;
			buildConfigurations = (
				893E1DA4189D60E5006535BB /* Debug */,
				893E1DA5189D60E5006535BB /* Release */,
			);
			defaultConfigurationIsVisible = 0;
		};
/* End XCConfigurationList section */
	};
	rootObject = 893E1D66189D60E5006535BB /* Project object */;
}
